
Microsoft Visual Studio Solution File, Format Version 12.00
# Visual Studio Version 16
VisualStudioVersion = 16.0.31702.278
MinimumVisualStudioVersion = 10.0.40219.1
Project("{888888A0-9F3D-457C-B088-3A5042F75D52}") = "peepee", "peepee\peepee.pyproj", "{365C86F0-B226-4323-AAE2-4ACCB6B224B9}"
EndProject
Global
	GlobalSection(SolutionConfigurationPlatforms) = preSolution
		Debug|Any CPU = Debug|Any CPU
		Release|Any CPU = Release|Any CPU
	EndGlobalSection
	GlobalSection(ProjectConfigurationPlatforms) = postSolution
		{365C86F0-B226-4323-AAE2-4ACCB6B224B9}.Debug|Any CPU.ActiveCfg = Debug|Any CPU
		{365C86F0-B226-4323-AAE2-4ACCB6B224B9}.Release|Any CPU.ActiveCfg = Release|Any CPU
	EndGlobalSection
	GlobalSection(SolutionProperties) = preSolution
		HideSolutionNode = FALSE
	EndGlobalSection
	GlobalSection(ExtensibilityGlobals) = postSolution
		SolutionGuid = {9C306132-40A6-451D-AD72-93097787FC42}
	EndGlobalSection
EndGlobal
